// !$*UTF8*$!
{
	archiveVersion = 1;
	classes = {
	};
	objectVersion = 77;
	objects = {

/* Begin PBXContainerItemProxy section */
		F1C494D72D065D8700924842 /* PBXContainerItemProxy */ = {
			isa = PBXContainerItemProxy;
			containerPortal = F1C494BE2D065D8400924842 /* Project object */;
			proxyType = 1;
			remoteGlobalIDString = F1C494C52D065D8400924842;
			remoteInfo = "FBLA Coding and Programming";
		};
		F1C494E12D065D8700924842 /* PBXContainerItemProxy */ = {
			isa = PBXContainerItemProxy;
			containerPortal = F1C494BE2D065D8400924842 /* Project object */;
			proxyType = 1;
			remoteGlobalIDString = F1C494C52D065D8400924842;
			remoteInfo = "FBLA Coding and Programming";
		};
/* End PBXContainerItemProxy section */

/* Begin PBXFileReference section */
		F1C494C62D065D8400924842 /* FBLA Coding and Programming.app */ = {isa = PBXFileReference; explicitFileType = wrapper.application; includeInIndex = 0; path = "FBLA Coding and Programming.app"; sourceTree = BUILT_PRODUCTS_DIR; };
		F1C494D62D065D8700924842 /* FBLA Coding and ProgrammingTests.xctest */ = {isa = PBXFileReference; explicitFileType = wrapper.cfbundle; includeInIndex = 0; path = "FBLA Coding and ProgrammingTests.xctest"; sourceTree = BUILT_PRODUCTS_DIR; };
		F1C494E02D065D8700924842 /* FBLA Coding and ProgrammingUITests.xctest */ = {isa = PBXFileReference; explicitFileType = wrapper.cfbundle; includeInIndex = 0; path = "FBLA Coding and ProgrammingUITests.xctest"; sourceTree = BUILT_PRODUCTS_DIR; };
/* End PBXFileReference section */

/* Begin PBXFileSystemSynchronizedRootGroup section */
		F1C494C82D065D8400924842 /* FBLA Coding and Programming */ = {
			isa = PBXFileSystemSynchronizedRootGroup;
			path = "FBLA Coding and Programming";
			sourceTree = "<group>";
		};
		F1C494D92D065D8700924842 /* FBLA Coding and ProgrammingTests */ = {
			isa = PBXFileSystemSynchronizedRootGroup;
			path = "FBLA Coding and ProgrammingTests";
			sourceTree = "<group>";
		};
		F1C494E32D065D8700924842 /* FBLA Coding and ProgrammingUITests */ = {
			isa = PBXFileSystemSynchronizedRootGroup;
			path = "FBLA Coding and ProgrammingUITests";
			sourceTree = "<group>";
		};
/* End PBXFileSystemSynchronizedRootGroup section */

/* Begin PBXFrameworksBuildPhase section */
		F1C494C32D065D8400924842 /* Frameworks */ = {
			isa = PBXFrameworksBuildPhase;
			buildActionMask = 2147483647;
			files = (
			);
			runOnlyForDeploymentPostprocessing = 0;
		};
		F1C494D32D065D8700924842 /* Frameworks */ = {
			isa = PBXFrameworksBuildPhase;
			buildActionMask = 2147483647;
			files = (
			);
			runOnlyForDeploymentPostprocessing = 0;
		};
		F1C494DD2D065D8700924842 /* Frameworks */ = {
			isa = PBXFrameworksBuildPhase;
			buildActionMask = 2147483647;
			files = (
			);
			runOnlyForDeploymentPostprocessing = 0;
		};
/* End PBXFrameworksBuildPhase section */

/* Begin PBXGroup section */
		F1C494BD2D065D8400924842 = {
			isa = PBXGroup;
			children = (
				F1C494C82D065D8400924842 /* FBLA Coding and Programming */,
				F1C494D92D065D8700924842 /* FBLA Coding and ProgrammingTests */,
				F1C494E32D065D8700924842 /* FBLA Coding and ProgrammingUITests */,
				F1C494C72D065D8400924842 /* Products */,
			);
			sourceTree = "<group>";
		};
		F1C494C72D065D8400924842 /* Products */ = {
			isa = PBXGroup;
			children = (
				F1C494C62D065D8400924842 /* FBLA Coding and Programming.app */,
				F1C494D62D065D8700924842 /* FBLA Coding and ProgrammingTests.xctest */,
				F1C494E02D065D8700924842 /* FBLA Coding and ProgrammingUITests.xctest */,
			);
			name = Products;
			sourceTree = "<group>";
		};
/* End PBXGroup section */

/* Begin PBXNativeTarget section */
		F1C494C52D065D8400924842 /* FBLA Coding and Programming */ = {
			isa = PBXNativeTarget;
			buildConfigurationList = F1C494EA2D065D8700924842 /* Build configuration list for PBXNativeTarget "FBLA Coding and Programming" */;
			buildPhases = (
				F1C494C22D065D8400924842 /* Sources */,
				F1C494C32D065D8400924842 /* Frameworks */,
				F1C494C42D065D8400924842 /* Resources */,
			);
			buildRules = (
			);
			dependencies = (
			);
			fileSystemSynchronizedGroups = (
				F1C494C82D065D8400924842 /* FBLA Coding and Programming */,
			);
			name = "FBLA Coding and Programming";
			packageProductDependencies = (
			);
			productName = "FBLA Coding and Programming";
			productReference = F1C494C62D065D8400924842 /* FBLA Coding and Programming.app */;
			productType = "com.apple.product-type.application";
		};
		F1C494D52D065D8700924842 /* FBLA Coding and ProgrammingTests */ = {
			isa = PBXNativeTarget;
			buildConfigurationList = F1C494ED2D065D8700924842 /* Build configuration list for PBXNativeTarget "FBLA Coding and ProgrammingTests" */;
			buildPhases = (
				F1C494D22D065D8700924842 /* Sources */,
				F1C494D32D065D8700924842 /* Frameworks */,
				F1C494D42D065D8700924842 /* Resources */,
			);
			buildRules = (
			);
			dependencies = (
				F1C494D82D065D8700924842 /* PBXTargetDependency */,
			);
			fileSystemSynchronizedGroups = (
				F1C494D92D065D8700924842 /* FBLA Coding and ProgrammingTests */,
			);
			name = "FBLA Coding and ProgrammingTests";
			packageProductDependencies = (
			);
			productName = "FBLA Coding and ProgrammingTests";
			productReference = F1C494D62D065D8700924842 /* FBLA Coding and ProgrammingTests.xctest */;
			productType = "com.apple.product-type.bundle.unit-test";
		};
		F1C494DF2D065D8700924842 /* FBLA Coding and ProgrammingUITests */ = {
			isa = PBXNativeTarget;
			buildConfigurationList = F1C494F02D065D8700924842 /* Build configuration list for PBXNativeTarget "FBLA Coding and ProgrammingUITests" */;
			buildPhases = (
				F1C494DC2D065D8700924842 /* Sources */,
				F1C494DD2D065D8700924842 /* Frameworks */,
				F1C494DE2D065D8700924842 /* Resources */,
			);
			buildRules = (
			);
			dependencies = (
				F1C494E22D065D8700924842 /* PBXTargetDependency */,
			);
			fileSystemSynchronizedGroups = (
				F1C494E32D065D8700924842 /* FBLA Coding and ProgrammingUITests */,
			);
			name = "FBLA Coding and ProgrammingUITests";
			packageProductDependencies = (
			);
			productName = "FBLA Coding and ProgrammingUITests";
			productReference = F1C494E02D065D8700924842 /* FBLA Coding and ProgrammingUITests.xctest */;
			productType = "com.apple.product-type.bundle.ui-testing";
		};
/* End PBXNativeTarget section */

/* Begin PBXProject section */
		F1C494BE2D065D8400924842 /* Project object */ = {
			isa = PBXProject;
			attributes = {
				BuildIndependentTargetsInParallel = 1;
				LastSwiftUpdateCheck = 1600;
				LastUpgradeCheck = 1600;
				TargetAttributes = {
					F1C494C52D065D8400924842 = {
						CreatedOnToolsVersion = 16.0;
					};
					F1C494D52D065D8700924842 = {
						CreatedOnToolsVersion = 16.0;
						TestTargetID = F1C494C52D065D8400924842;
					};
					F1C494DF2D065D8700924842 = {
						CreatedOnToolsVersion = 16.0;
						TestTargetID = F1C494C52D065D8400924842;
					};
				};
			};
			buildConfigurationList = F1C494C12D065D8400924842 /* Build configuration list for PBXProject "FBLA Coding and Programming" */;
			developmentRegion = en;
			hasScannedForEncodings = 0;
			knownRegions = (
				en,
				Base,
			);
			mainGroup = F1C494BD2D065D8400924842;
			minimizedProjectReferenceProxies = 1;
			preferredProjectObjectVersion = 77;
			productRefGroup = F1C494C72D065D8400924842 /* Products */;
			projectDirPath = "";
			projectRoot = "";
			targets = (
				F1C494C52D065D8400924842 /* FBLA Coding and Programming */,
				F1C494D52D065D8700924842 /* FBLA Coding and ProgrammingTests */,
				F1C494DF2D065D8700924842 /* FBLA Coding and ProgrammingUITests */,
			);
		};
/* End PBXProject section */

/* Begin PBXResourcesBuildPhase section */
		F1C494C42D065D8400924842 /* Resources */ = {
			isa = PBXResourcesBuildPhase;
			buildActionMask = 2147483647;
			files = (
			);
			runOnlyForDeploymentPostprocessing = 0;
		};
		F1C494D42D065D8700924842 /* Resources */ = {
			isa = PBXResourcesBuildPhase;
			buildActionMask = 2147483647;
			files = (
			);
			runOnlyForDeploymentPostprocessing = 0;
		};
		F1C494DE2D065D8700924842 /* Resources */ = {
			isa = PBXResourcesBuildPhase;
			buildActionMask = 2147483647;
			files = (
			);
			runOnlyForDeploymentPostprocessing = 0;
		};
/* End PBXResourcesBuildPhase section */

/* Begin PBXSourcesBuildPhase section */
		F1C494C22D065D8400924842 /* Sources */ = {
			isa = PBXSourcesBuildPhase;
			buildActionMask = 2147483647;
			files = (
			);
			runOnlyForDeploymentPostprocessing = 0;
		};
		F1C494D22D065D8700924842 /* Sources */ = {
			isa = PBXSourcesBuildPhase;
			buildActionMask = 2147483647;
			files = (
			);
			runOnlyForDeploymentPostprocessing = 0;
		};
		F1C494DC2D065D8700924842 /* Sources */ = {
			isa = PBXSourcesBuildPhase;
			buildActionMask = 2147483647;
			files = (
			);
			runOnlyForDeploymentPostprocessing = 0;
		};
/* End PBXSourcesBuildPhase section */

/* Begin PBXTargetDependency section */
		F1C494D82D065D8700924842 /* PBXTargetDependency */ = {
			isa = PBXTargetDependency;
			target = F1C494C52D065D8400924842 /* FBLA Coding and Programming */;
			targetProxy = F1C494D72D065D8700924842 /* PBXContainerItemProxy */;
		};
		F1C494E22D065D8700924842 /* PBXTargetDependency */ = {
			isa = PBXTargetDependency;
			target = F1C494C52D065D8400924842 /* FBLA Coding and Programming */;
			targetProxy = F1C494E12D065D8700924842 /* PBXContainerItemProxy */;
		};
/* End PBXTargetDependency section */

/* Begin XCBuildConfiguration section */
		F1C494E82D065D8700924842 /* Debug */ = {
			isa = XCBuildConfiguration;
			buildSettings = {
				ALWAYS_SEARCH_USER_PATHS = NO;
				ASSETCATALOG_COMPILER_GENERATE_SWIFT_ASSET_SYMBOL_EXTENSIONS = YES;
				CLANG_ANALYZER_NONNULL = YES;
				CLANG_ANALYZER_NUMBER_OBJECT_CONVERSION = YES_AGGRESSIVE;
				CLANG_CXX_LANGUAGE_STANDARD = "gnu++20";
				CLANG_ENABLE_MODULES = YES;
				CLANG_ENABLE_OBJC_ARC = YES;
				CLANG_ENABLE_OBJC_WEAK = YES;
				CLANG_WARN_BLOCK_CAPTURE_AUTORELEASING = YES;
				CLANG_WARN_BOOL_CONVERSION = YES;
				CLANG_WARN_COMMA = YES;
				CLANG_WARN_CONSTANT_CONVERSION = YES;
				CLANG_WARN_DEPRECATED_OBJC_IMPLEMENTATIONS = YES;
				CLANG_WARN_DIRECT_OBJC_ISA_USAGE = YES_ERROR;
				CLANG_WARN_DOCUMENTATION_COMMENTS = YES;
				CLANG_WARN_EMPTY_BODY = YES;
				CLANG_WARN_ENUM_CONVERSION = YES;
				CLANG_WARN_INFINITE_RECURSION = YES;
				CLANG_WARN_INT_CONVERSION = YES;
				CLANG_WARN_NON_LITERAL_NULL_CONVERSION = YES;
				CLANG_WARN_OBJC_IMPLICIT_RETAIN_SELF = YES;
				CLANG_WARN_OBJC_LITERAL_CONVERSION = YES;
				CLANG_WARN_OBJC_ROOT_CLASS = YES_ERROR;
				CLANG_WARN_QUOTED_INCLUDE_IN_FRAMEWORK_HEADER = YES;
				CLANG_WARN_RANGE_LOOP_ANALYSIS = YES;
				CLANG_WARN_STRICT_PROTOTYPES = YES;
				CLANG_WARN_SUSPICIOUS_MOVE = YES;
				CLANG_WARN_UNGUARDED_AVAILABILITY = YES_AGGRESSIVE;
				CLANG_WARN_UNREACHABLE_CODE = YES;
				CLANG_WARN__DUPLICATE_METHOD_MATCH = YES;
				COPY_PHASE_STRIP = NO;
				DEBUG_INFORMATION_FORMAT = dwarf;
				ENABLE_STRICT_OBJC_MSGSEND = YES;
				ENABLE_TESTABILITY = YES;
				ENABLE_USER_SCRIPT_SANDBOXING = YES;
				GCC_C_LANGUAGE_STANDARD = gnu17;
				GCC_DYNAMIC_NO_PIC = NO;
				GCC_NO_COMMON_BLOCKS = YES;
				GCC_OPTIMIZATION_LEVEL = 0;
				GCC_PREPROCESSOR_DEFINITIONS = (
					"DEBUG=1",
					"$(inherited)",
				);
				GCC_WARN_64_TO_32_BIT_CONVERSION = YES;
				GCC_WARN_ABOUT_RETURN_TYPE = YES_ERROR;
				GCC_WARN_UNDECLARED_SELECTOR = YES;
				GCC_WARN_UNINITIALIZED_AUTOS = YES_AGGRESSIVE;
				GCC_WARN_UNUSED_FUNCTION = YES;
				GCC_WARN_UNUSED_VARIABLE = YES;
				IPHONEOS_DEPLOYMENT_TARGET = 18.0;
				LOCALIZATION_PREFERS_STRING_CATALOGS = YES;
				MTL_ENABLE_DEBUG_INFO = INCLUDE_SOURCE;
				MTL_FAST_MATH = YES;
				ONLY_ACTIVE_ARCH = YES;
				SDKROOT = iphoneos;
				SWIFT_ACTIVE_COMPILATION_CONDITIONS = "DEBUG $(inherited)";
				SWIFT_OPTIMIZATION_LEVEL = "-Onone";
			};
			name = Debug;
		};
		F1C494E92D065D8700924842 /* Release */ = {
			isa = XCBuildConfiguration;
			buildSettings = {
				ALWAYS_SEARCH_USER_PATHS = NO;
				ASSETCATALOG_COMPILER_GENERATE_SWIFT_ASSET_SYMBOL_EXTENSIONS = YES;
				CLANG_ANALYZER_NONNULL = YES;
				CLANG_ANALYZER_NUMBER_OBJECT_CONVERSION = YES_AGGRESSIVE;
				CLANG_CXX_LANGUAGE_STANDARD = "gnu++20";
				CLANG_ENABLE_MODULES = YES;
				CLANG_ENABLE_OBJC_ARC = YES;
				CLANG_ENABLE_OBJC_WEAK = YES;
				CLANG_WARN_BLOCK_CAPTURE_AUTORELEASING = YES;
				CLANG_WARN_BOOL_CONVERSION = YES;
				CLANG_WARN_COMMA = YES;
				CLANG_WARN_CONSTANT_CONVERSION = YES;
				CLANG_WARN_DEPRECATED_OBJC_IMPLEMENTATIONS = YES;
				CLANG_WARN_DIRECT_OBJC_ISA_USAGE = YES_ERROR;
				CLANG_WARN_DOCUMENTATION_COMMENTS = YES;
				CLANG_WARN_EMPTY_BODY = YES;
				CLANG_WARN_ENUM_CONVERSION = YES;
				CLANG_WARN_INFINITE_RECURSION = YES;
				CLANG_WARN_INT_CONVERSION = YES;
				CLANG_WARN_NON_LITERAL_NULL_CONVERSION = YES;
				CLANG_WARN_OBJC_IMPLICIT_RETAIN_SELF = YES;
				CLANG_WARN_OBJC_LITERAL_CONVERSION = YES;
				CLANG_WARN_OBJC_ROOT_CLASS = YES_ERROR;
				CLANG_WARN_QUOTED_INCLUDE_IN_FRAMEWORK_HEADER = YES;
				CLANG_WARN_RANGE_LOOP_ANALYSIS = YES;
				CLANG_WARN_STRICT_PROTOTYPES = YES;
				CLANG_WARN_SUSPICIOUS_MOVE = YES;
				CLANG_WARN_UNGUARDED_AVAILABILITY = YES_AGGRESSIVE;
				CLANG_WARN_UNREACHABLE_CODE = YES;
				CLANG_WARN__DUPLICATE_METHOD_MATCH = YES;
				COPY_PHASE_STRIP = NO;
				DEBUG_INFORMATION_FORMAT = "dwarf-with-dsym";
				ENABLE_NS_ASSERTIONS = NO;
				ENABLE_STRICT_OBJC_MSGSEND = YES;
				ENABLE_USER_SCRIPT_SANDBOXING = YES;
				GCC_C_LANGUAGE_STANDARD = gnu17;
				GCC_NO_COMMON_BLOCKS = YES;
				GCC_WARN_64_TO_32_BIT_CONVERSION = YES;
				GCC_WARN_ABOUT_RETURN_TYPE = YES_ERROR;
				GCC_WARN_UNDECLARED_SELECTOR = YES;
				GCC_WARN_UNINITIALIZED_AUTOS = YES_AGGRESSIVE;
				GCC_WARN_UNUSED_FUNCTION = YES;
				GCC_WARN_UNUSED_VARIABLE = YES;
				IPHONEOS_DEPLOYMENT_TARGET = 18.0;
				LOCALIZATION_PREFERS_STRING_CATALOGS = YES;
				MTL_ENABLE_DEBUG_INFO = NO;
				MTL_FAST_MATH = YES;
				SDKROOT = iphoneos;
				SWIFT_COMPILATION_MODE = wholemodule;
				VALIDATE_PRODUCT = YES;
			};
			name = Release;
		};
		F1C494EB2D065D8700924842 /* Debug */ = {
			isa = XCBuildConfiguration;
			buildSettings = {
				ASSETCATALOG_COMPILER_APPICON_NAME = AppIcon;
				ASSETCATALOG_COMPILER_GLOBAL_ACCENT_COLOR_NAME = AccentColor;
				CODE_SIGN_STYLE = Automatic;
				CURRENT_PROJECT_VERSION = 1;
				DEVELOPMENT_ASSET_PATHS = "\"FBLA Coding and Programming/Preview Content\"";
				DEVELOPMENT_TEAM = 995AS9K6LY;
				ENABLE_PREVIEWS = YES;
				GENERATE_INFOPLIST_FILE = YES;
				INFOPLIST_KEY_UIApplicationSceneManifest_Generation = YES;
				INFOPLIST_KEY_UIApplicationSupportsIndirectInputEvents = YES;
				INFOPLIST_KEY_UILaunchScreen_Generation = YES;
				INFOPLIST_KEY_UISupportedInterfaceOrientations_iPad = "UIInterfaceOrientationPortrait UIInterfaceOrientationPortraitUpsideDown UIInterfaceOrientationLandscapeLeft UIInterfaceOrientationLandscapeRight";
				INFOPLIST_KEY_UISupportedInterfaceOrientations_iPhone = "UIInterfaceOrientationPortrait UIInterfaceOrientationLandscapeLeft UIInterfaceOrientationLandscapeRight";
				LD_RUNPATH_SEARCH_PATHS = (
					"$(inherited)",
					"@executable_path/Frameworks",
				);
				MARKETING_VERSION = 1.0;
				PRODUCT_BUNDLE_IDENTIFIER = "io.keta.FBLA-Coding-and-Programming";
				PRODUCT_NAME = "$(TARGET_NAME)";
				SWIFT_EMIT_LOC_STRINGS = YES;
				SWIFT_VERSION = 5.0;
				TARGETED_DEVICE_FAMILY = "1,2";
			};
			name = Debug;
		};
		F1C494EC2D065D8700924842 /* Release */ = {
			isa = XCBuildConfiguration;
			buildSettings = {
				ASSETCATALOG_COMPILER_APPICON_NAME = AppIcon;
				ASSETCATALOG_COMPILER_GLOBAL_ACCENT_COLOR_NAME = AccentColor;
				CODE_SIGN_STYLE = Automatic;
				CURRENT_PROJECT_VERSION = 1;
				DEVELOPMENT_ASSET_PATHS = "\"FBLA Coding and Programming/Preview Content\"";
				DEVELOPMENT_TEAM = 995AS9K6LY;
				ENABLE_PREVIEWS = YES;
				GENERATE_INFOPLIST_FILE = YES;
				INFOPLIST_KEY_UIApplicationSceneManifest_Generation = YES;
				INFOPLIST_KEY_UIApplicationSupportsIndirectInputEvents = YES;
				INFOPLIST_KEY_UILaunchScreen_Generation = YES;
				INFOPLIST_KEY_UISupportedInterfaceOrientations_iPad = "UIInterfaceOrientationPortrait UIInterfaceOrientationPortraitUpsideDown UIInterfaceOrientationLandscapeLeft UIInterfaceOrientationLandscapeRight";
				INFOPLIST_KEY_UISupportedInterfaceOrientations_iPhone = "UIInterfaceOrientationPortrait UIInterfaceOrientationLandscapeLeft UIInterfaceOrientationLandscapeRight";
				LD_RUNPATH_SEARCH_PATHS = (
					"$(inherited)",
					"@executable_path/Frameworks",
				);
				MARKETING_VERSION = 1.0;
				PRODUCT_BUNDLE_IDENTIFIER = "io.keta.FBLA-Coding-and-Programming";
				PRODUCT_NAME = "$(TARGET_NAME)";
				SWIFT_EMIT_LOC_STRINGS = YES;
				SWIFT_VERSION = 5.0;
				TARGETED_DEVICE_FAMILY = "1,2";
			};
			name = Release;
		};
		F1C494EE2D065D8700924842 /* Debug */ = {
			isa = XCBuildConfiguration;
			buildSettings = {
				BUNDLE_LOADER = "$(TEST_HOST)";
				CODE_SIGN_STYLE = Automatic;
				CURRENT_PROJECT_VERSION = 1;
				DEVELOPMENT_TEAM = 995AS9K6LY;
				GENERATE_INFOPLIST_FILE = YES;
				IPHONEOS_DEPLOYMENT_TARGET = 18.0;
				MARKETING_VERSION = 1.0;
				PRODUCT_BUNDLE_IDENTIFIER = "io.keta.FBLA-Coding-and-ProgrammingTests";
				PRODUCT_NAME = "$(TARGET_NAME)";
				SWIFT_EMIT_LOC_STRINGS = NO;
				SWIFT_VERSION = 5.0;
				TARGETED_DEVICE_FAMILY = "1,2";
				TEST_HOST = "$(BUILT_PRODUCTS_DIR)/FBLA Coding and Programming.app/$(BUNDLE_EXECUTABLE_FOLDER_PATH)/FBLA Coding and Programming";
			};
			name = Debug;
		};
		F1C494EF2D065D8700924842 /* Release */ = {
			isa = XCBuildConfiguration;
			buildSettings = {
				BUNDLE_LOADER = "$(TEST_HOST)";
				CODE_SIGN_STYLE = Automatic;
				CURRENT_PROJECT_VERSION = 1;
				DEVELOPMENT_TEAM = 995AS9K6LY;
				GENERATE_INFOPLIST_FILE = YES;
				IPHONEOS_DEPLOYMENT_TARGET = 18.0;
				MARKETING_VERSION = 1.0;
				PRODUCT_BUNDLE_IDENTIFIER = "io.keta.FBLA-Coding-and-ProgrammingTests";
				PRODUCT_NAME = "$(TARGET_NAME)";
				SWIFT_EMIT_LOC_STRINGS = NO;
				SWIFT_VERSION = 5.0;
				TARGETED_DEVICE_FAMILY = "1,2";
				TEST_HOST = "$(BUILT_PRODUCTS_DIR)/FBLA Coding and Programming.app/$(BUNDLE_EXECUTABLE_FOLDER_PATH)/FBLA Coding and Programming";
			};
			name = Release;
		};
		F1C494F12D065D8700924842 /* Debug */ = {
			isa = XCBuildConfiguration;
			buildSettings = {
				CODE_SIGN_STYLE = Automatic;
				CURRENT_PROJECT_VERSION = 1;
				DEVELOPMENT_TEAM = 995AS9K6LY;
				GENERATE_INFOPLIST_FILE = YES;
				MARKETING_VERSION = 1.0;
				PRODUCT_BUNDLE_IDENTIFIER = "io.keta.FBLA-Coding-and-ProgrammingUITests";
				PRODUCT_NAME = "$(TARGET_NAME)";
				SWIFT_EMIT_LOC_STRINGS = NO;
				SWIFT_VERSION = 5.0;
				TARGETED_DEVICE_FAMILY = "1,2";
				TEST_TARGET_NAME = "FBLA Coding and Programming";
			};
			name = Debug;
		};
		F1C494F22D065D8700924842 /* Release */ = {
			isa = XCBuildConfiguration;
			buildSettings = {
				CODE_SIGN_STYLE = Automatic;
				CURRENT_PROJECT_VERSION = 1;
				DEVELOPMENT_TEAM = 995AS9K6LY;
				GENERATE_INFOPLIST_FILE = YES;
				MARKETING_VERSION = 1.0;
				PRODUCT_BUNDLE_IDENTIFIER = "io.keta.FBLA-Coding-and-ProgrammingUITests";
				PRODUCT_NAME = "$(TARGET_NAME)";
				SWIFT_EMIT_LOC_STRINGS = NO;
				SWIFT_VERSION = 5.0;
				TARGETED_DEVICE_FAMILY = "1,2";
				TEST_TARGET_NAME = "FBLA Coding and Programming";
			};
			name = Release;
		};
/* End XCBuildConfiguration section */

/* Begin XCConfigurationList section */
		F1C494C12D065D8400924842 /* Build configuration list for PBXProject "FBLA Coding and Programming" */ = {
			isa = XCConfigurationList;
			buildConfigurations = (
				F1C494E82D065D8700924842 /* Debug */,
				F1C494E92D065D8700924842 /* Release */,
			);
			defaultConfigurationIsVisible = 0;
			defaultConfigurationName = Release;
		};
		F1C494EA2D065D8700924842 /* Build configuration list for PBXNativeTarget "FBLA Coding and Programming" */ = {
			isa = XCConfigurationList;
			buildConfigurations = (
				F1C494EB2D065D8700924842 /* Debug */,
				F1C494EC2D065D8700924842 /* Release */,
			);
			defaultConfigurationIsVisible = 0;
			defaultConfigurationName = Release;
		};
		F1C494ED2D065D8700924842 /* Build configuration list for PBXNativeTarget "FBLA Coding and ProgrammingTests" */ = {
			isa = XCConfigurationList;
			buildConfigurations = (
				F1C494EE2D065D8700924842 /* Debug */,
				F1C494EF2D065D8700924842 /* Release */,
			);
			defaultConfigurationIsVisible = 0;
			defaultConfigurationName = Release;
		};
		F1C494F02D065D8700924842 /* Build configuration list for PBXNativeTarget "FBLA Coding and ProgrammingUITests" */ = {
			isa = XCConfigurationList;
			buildConfigurations = (
				F1C494F12D065D8700924842 /* Debug */,
				F1C494F22D065D8700924842 /* Release */,
			);
			defaultConfigurationIsVisible = 0;
			defaultConfigurationName = Release;
		};
/* End XCConfigurationList section */
	};
	rootObject = F1C494BE2D065D8400924842 /* Project object */;
}
